{
  "requires": true,
  "lockfileVersion": 1,
  "dependencies": {
    "filesource": {
      "version": "1.0.7",
      "resolved": "https://registry.npmjs.org/filesource/-/filesource-1.0.7.tgz",
      "integrity": "sha1-JdQeO1Ss5Pjnm0BRgQGqktnTdMU=",
      "requires": {
        "tmp": "0.0.23"
      }
    },
    "pdf2png-mp2": {
      "version": "1.0.3",
      "resolved": "https://registry.npmjs.org/pdf2png-mp2/-/pdf2png-mp2-1.0.3.tgz",
      "integrity": "sha1-iH3oP5WADJ50B32LlVEZeGfaYtc=",
      "requires": {
        "filesource": "^1.0.7",
        "pdf_page_count": "^1.0.10",
        "tmp": "0.0.23"
      }
    },
    "pdf_page_count": {
      "version": "1.0.10",
      "resolved": "https://registry.npmjs.org/pdf_page_count/-/pdf_page_count-1.0.10.tgz",
      "integrity": "sha1-VO2KA7t6SKIX5im2ClmO7RORrBI=",
      "requires": {
        "filesource": "^1.0.7"
      }
    },
    "tmp": {
      "version": "0.0.23",
      "resolved": "https://registry.npmjs.org/tmp/-/tmp-0.0.23.tgz",
      "integrity": "sha1-3odKpel0qF8KMs39vXRmPLO9nHQ="
    }
  }
}
